
Microsoft Visual Studio Solution File, Format Version 12.00
# Visual Studio Version 16
VisualStudioVersion = 16.0.31205.134
MinimumVisualStudioVersion = 10.0.40219.1
Project("{FAE04EC0-301F-11D3-BF4B-00C04F79EFBC}") = "TestRepo", "TestRepo\TestRepo.csproj", "{FA4E4904-E9BA-48A8-8E14-F3C763EAB459}"
EndProject
Global
	GlobalSection(SolutionConfigurationPlatforms) = preSolution
		Debug|Any CPU = Debug|Any CPU
		Release|Any CPU = Release|Any CPU
	EndGlobalSection
	GlobalSection(ProjectConfigurationPlatforms) = postSolution
		{FA4E4904-E9BA-48A8-8E14-F3C763EAB459}.Debug|Any CPU.ActiveCfg = Debug|Any CPU
		{FA4E4904-E9BA-48A8-8E14-F3C763EAB459}.Debug|Any CPU.Build.0 = Debug|Any CPU
		{FA4E4904-E9BA-48A8-8E14-F3C763EAB459}.Release|Any CPU.ActiveCfg = Release|Any CPU
		{FA4E4904-E9BA-48A8-8E14-F3C763EAB459}.Release|Any CPU.Build.0 = Release|Any CPU
	EndGlobalSection
	GlobalSection(SolutionProperties) = preSolution
		HideSolutionNode = FALSE
	EndGlobalSection
	GlobalSection(ExtensibilityGlobals) = postSolution
		SolutionGuid = {2A3C7389-E4E2-4E50-A8F6-4A86617DA028}
	EndGlobalSection
EndGlobal
